
Microsoft Visual Studio Solution File, Format Version 12.00
# Visual Studio Version 16
VisualStudioVersion = 16.0.30804.86
MinimumVisualStudioVersion = 10.0.40219.1
Project("{9A19103F-16F7-4668-BE54-9A1E7A4F7556}") = "ninja", "ninja\ninja.csproj", "{94EF7B15-679F-4E37-A3D0-A92D84C85C1E}"
EndProject
Project("{9A19103F-16F7-4668-BE54-9A1E7A4F7556}") = "ninja.lang", "ninja.lang\ninja.lang.csproj", "{4E719AAC-3C6F-43C2-BC80-3640B5B8D3D2}"
EndProject
Project("{9A19103F-16F7-4668-BE54-9A1E7A4F7556}") = "ninja.common", "ninja.common\ninja.common.csproj", "{318F3F38-8EC8-4208-B14D-E965E4F068FC}"
EndProject
Project("{2150E333-8FDC-42A3-9474-1A3956D46DE8}") = "Docs", "Docs", "{801B5336-1841-4EA7-BC85-8939B5B339F4}"
EndProject
Project("{2150E333-8FDC-42A3-9474-1A3956D46DE8}") = "Samples", "Samples", "{52CABD12-44A5-4510-BDB5-CAE8854BB274}"
	ProjectSection(SolutionItems) = preProject
		complex hello.ninja = complex hello.ninja
		README.md = README.md
		simple hello.ninja = simple hello.ninja
	EndProjectSection
EndProject
Global
	GlobalSection(SolutionConfigurationPlatforms) = preSolution
		Debug|Any CPU = Debug|Any CPU
		Release|Any CPU = Release|Any CPU
	EndGlobalSection
	GlobalSection(ProjectConfigurationPlatforms) = postSolution
		{94EF7B15-679F-4E37-A3D0-A92D84C85C1E}.Debug|Any CPU.ActiveCfg = Debug|Any CPU
		{94EF7B15-679F-4E37-A3D0-A92D84C85C1E}.Debug|Any CPU.Build.0 = Debug|Any CPU
		{94EF7B15-679F-4E37-A3D0-A92D84C85C1E}.Release|Any CPU.ActiveCfg = Release|Any CPU
		{94EF7B15-679F-4E37-A3D0-A92D84C85C1E}.Release|Any CPU.Build.0 = Release|Any CPU
		{4E719AAC-3C6F-43C2-BC80-3640B5B8D3D2}.Debug|Any CPU.ActiveCfg = Debug|Any CPU
		{4E719AAC-3C6F-43C2-BC80-3640B5B8D3D2}.Debug|Any CPU.Build.0 = Debug|Any CPU
		{4E719AAC-3C6F-43C2-BC80-3640B5B8D3D2}.Release|Any CPU.ActiveCfg = Release|Any CPU
		{4E719AAC-3C6F-43C2-BC80-3640B5B8D3D2}.Release|Any CPU.Build.0 = Release|Any CPU
		{318F3F38-8EC8-4208-B14D-E965E4F068FC}.Debug|Any CPU.ActiveCfg = Debug|Any CPU
		{318F3F38-8EC8-4208-B14D-E965E4F068FC}.Debug|Any CPU.Build.0 = Debug|Any CPU
		{318F3F38-8EC8-4208-B14D-E965E4F068FC}.Release|Any CPU.ActiveCfg = Release|Any CPU
		{318F3F38-8EC8-4208-B14D-E965E4F068FC}.Release|Any CPU.Build.0 = Release|Any CPU
	EndGlobalSection
	GlobalSection(SolutionProperties) = preSolution
		HideSolutionNode = FALSE
	EndGlobalSection
	GlobalSection(NestedProjects) = preSolution
		{52CABD12-44A5-4510-BDB5-CAE8854BB274} = {801B5336-1841-4EA7-BC85-8939B5B339F4}
	EndGlobalSection
	GlobalSection(ExtensibilityGlobals) = postSolution
		SolutionGuid = {413ABB41-C5F9-404C-8300-BE1DDD82A326}
	EndGlobalSection
EndGlobal
